{
  "version": "2",
  "remote": {
    "https://deno.land/std@0.177.0/_util/asserts.ts": "178dfc49a464aee693a7e285567b3d0b555dc805ff490505a8aae34f9cfb1462",
    "https://deno.land/std@0.177.0/_util/os.ts": "d932f56d41e4f6a6093d56044e29ce637f8dcc43c5a90af43504a889cf1775e3",
    "https://deno.land/std@0.177.0/async/abortable.ts": "73acfb3ed7261ce0d930dbe89e43db8d34e017b063cf0eaa7d215477bf53442e",
    "https://deno.land/std@0.177.0/async/deadline.ts": "c5facb0b404eede83e38bd2717ea8ab34faa2ffb20ef87fd261fcba32ba307aa",
    "https://deno.land/std@0.177.0/async/debounce.ts": "adab11d04ca38d699444ac8a9d9856b4155e8dda2afd07ce78276c01ea5a4332",
    "https://deno.land/std@0.177.0/async/deferred.ts": "42790112f36a75a57db4a96d33974a936deb7b04d25c6084a9fa8a49f135def8",
    "https://deno.land/std@0.177.0/async/delay.ts": "73aa04cec034c84fc748c7be49bb15cac3dd43a57174bfdb7a4aec22c248f0dd",
    "https://deno.land/std@0.177.0/async/mod.ts": "f04344fa21738e5ad6bea37a6bfffd57c617c2d372bb9f9dcfd118a1b622e576",
    "https://deno.land/std@0.177.0/async/mux_async_iterator.ts": "70c7f2ee4e9466161350473ad61cac0b9f115cff4c552eaa7ef9d50c4cbb4cc9",
    "https://deno.land/std@0.177.0/async/pool.ts": "fd082bd4aaf26445909889435a5c74334c017847842ec035739b4ae637ae8260",
    "https://deno.land/std@0.177.0/async/retry.ts": "5efa3ba450ac0c07a40a82e2df296287b5013755d232049efd7ea2244f15b20f",
    "https://deno.land/std@0.177.0/async/tee.ts": "47e42d35f622650b02234d43803d0383a89eb4387e1b83b5a40106d18ae36757",
    "https://deno.land/std@0.177.0/bytes/bytes_list.ts": "b4cbdfd2c263a13e8a904b12d082f6177ea97d9297274a4be134e989450dfa6a",
    "https://deno.land/std@0.177.0/bytes/concat.ts": "d26d6f3d7922e6d663dacfcd357563b7bf4a380ce5b9c2bbe0c8586662f25ce2",
    "https://deno.land/std@0.177.0/bytes/copy.ts": "939d89e302a9761dcf1d9c937c7711174ed74c59eef40a1e4569a05c9de88219",
    "https://deno.land/std@0.177.0/collections/_comparators.ts": "fa7f9a44cea1d270098a2a5a6f8bb30c61b595c1b1f983bd67c6297d766adffa",
    "https://deno.land/std@0.177.0/collections/binary_search_node.ts": "5798272236040318876eec6ad9ffba821fe6eec53e7f238e80820c10f81077e4",
    "https://deno.land/std@0.177.0/collections/binary_search_tree.ts": "99b71b46c84e9c558ee6f6ff877ff44316f736eea63e492ec658e5cff0c2350f",
    "https://deno.land/std@0.177.0/collections/red_black_node.ts": "d4ea89a9518fe888b4792ed6842d78f2bc19d25f8ce3af7dfe1de16938344b0a",
    "https://deno.land/std@0.177.0/collections/red_black_tree.ts": "cdca30e96902d566dedead3a449460355bd963286a09eb1744cf4109f65e77a1",
    "https://deno.land/std@0.177.0/datetime/to_imf.ts": "851d072a1c86c7ec34c753e61b1951ceda50c9da805b170a0ecaea3b024dd266",
    "https://deno.land/std@0.177.0/fmt/colors.ts": "938c5d44d889fb82eff6c358bea8baa7e85950a16c9f6dae3ec3a7a729164471",
    "https://deno.land/std@0.177.0/http/_negotiation/common.ts": "14d1a52427ab258a4b7161cd80e1d8a207b7cc64b46e911780f57ead5f4323c6",
    "https://deno.land/std@0.177.0/http/_negotiation/encoding.ts": "ff747d107277c88cb7a6a62a08eeb8d56dad91564cbcccb30694d5dc126dcc53",
    "https://deno.land/std@0.177.0/http/_negotiation/language.ts": "7bcddd8db3330bdb7ce4fc00a213c5547c1968139864201efd67ef2d0d51887d",
    "https://deno.land/std@0.177.0/http/_negotiation/media_type.ts": "58847517cd549384ad677c0fe89e0a4815be36fe7a303ea63cee5f6a1d7e1692",
    "https://deno.land/std@0.177.0/http/cookie.ts": "4afa70654aee951b1b5a82b8939566843bf6eea605a961c7abc8e9705afd0a20",
    "https://deno.land/std@0.177.0/http/cookie_map.ts": "8cf428c03ef17c197196a5c382495cd4adecbfb597f6f8f3cd7e1775c3e79ffd",
    "https://deno.land/std@0.177.0/http/http_errors.ts": "57169d9bdf4cda1982a3742693c146ab1bf2cbc88df003b40ac905a30013d4cb",
    "https://deno.land/std@0.177.0/http/http_status.ts": "8a7bcfe3ac025199ad804075385e57f63d055b2aed539d943ccc277616d6f932",
    "https://deno.land/std@0.177.0/http/mod.ts": "b8039c604915f9b27fea8e251479ae30e4d15b1c01223b73fb0399e763fe2a5d",
    "https://deno.land/std@0.177.0/http/negotiation.ts": "32761c921afa7847cf767fe81c81785721abccc0db0fc51c7ec2a45868b4ee4a",
    "https://deno.land/std@0.177.0/http/server.ts": "cbb17b594651215ba95c01a395700684e569c165a567e4e04bba327f41197433",
    "https://deno.land/std@0.177.0/io/buf_reader.ts": "90a7adcb3638d8e1361695cdf844d58bcd97c41711dc6f9f8acc0626ebe097f5",
    "https://deno.land/std@0.177.0/io/buf_writer.ts": "759c69d304b04d2909976f2a03a24a107276fbd81ed13593c5c2d43d104b52f3",
    "https://deno.land/std@0.177.0/io/buffer.ts": "e2b7564f684dad625cab08f5106f33572d325705d19a36822b3272fbdfb8f726",
    "https://deno.land/std@0.177.0/io/copy_n.ts": "c498021ce291576a68b5bae9f9d3a27f97644f4af6c1047fb1cff054af19e436",
    "https://deno.land/std@0.177.0/io/limited_reader.ts": "d709b5b3113d4cbf934415ba242596e0ecb130e8868fb47197217e09dbb59558",
    "https://deno.land/std@0.177.0/io/mod.ts": "2665bcccc1fd6e8627cca167c3e92aaecbd9897556b6f69e6d258070ef63fd9b",
    "https://deno.land/std@0.177.0/io/multi_reader.ts": "5f7ef6e987486322b38c72e206b8fbc8916d55a87fbcdc97a8b2596386c28d44",
    "https://deno.land/std@0.177.0/io/read_delim.ts": "7e102c66f00a118fa1e1ccd4abb080496f43766686907fd8b9522fdf85443586",
    "https://deno.land/std@0.177.0/io/read_int.ts": "7cb8bcdfaf1107586c3bacc583d11c64c060196cb070bb13ae8c2061404f911f",
    "https://deno.land/std@0.177.0/io/read_lines.ts": "baee9e35034f2fdfccf63bc24b7e3cb45aa1c1c5de26d178f7bcbc572e87772f",
    "https://deno.land/std@0.177.0/io/read_long.ts": "f0aaa420e3da1261c5d33c5e729f09922f3d9fa49f046258d4ff7a00d800c71e",
    "https://deno.land/std@0.177.0/io/read_range.ts": "28152daf32e43dd9f7d41d8466852b0d18ad766cd5c4334c91fef6e1b3a74eb5",
    "https://deno.land/std@0.177.0/io/read_short.ts": "805cb329574b850b84bf14a92c052c59b5977a492cd780c41df8ad40826c1a20",
    "https://deno.land/std@0.177.0/io/read_string_delim.ts": "46eb0c9db3547caf8c759631effa200bbe48924f9b34f41edc627bde36cee52d",
    "https://deno.land/std@0.177.0/io/slice_long_to_bytes.ts": "b096472afa3a0dd90fa84584dde7706ed29fc16d48009a581c49368f09fe70f4",
    "https://deno.land/std@0.177.0/io/string_reader.ts": "ad9cbecb8509732afcf3d73bb72fa551ec0ccc34f9b8127826247f0190753a65",
    "https://deno.land/std@0.177.0/io/string_writer.ts": "8a03c5858c24965a54c6538bed15f32a7c72f5704a12bda56f83a40e28e5433e",
    "https://deno.land/std@0.177.0/media_types/_db.ts": "7606d83e31f23ce1a7968cbaee852810c2cf477903a095696cdc62eaab7ce570",
    "https://deno.land/std@0.177.0/media_types/_util.ts": "916efbd30b6148a716f110e67a4db29d6949bf4048997b754415dd7e42c52378",
    "https://deno.land/std@0.177.0/media_types/content_type.ts": "c682589a0aeb016bfed355cc1ed6fbb3ead2ea48fc0000ac5de6a5730613ad1c",
    "https://deno.land/std@0.177.0/media_types/extension.ts": "7a4ef2813d7182f724a941f38161525996e4a67abc3cf6a0f9bc2168d73a0f0e",
    "https://deno.land/std@0.177.0/media_types/extensions_by_type.ts": "4358023feac696e6e9d49c0f1e76a859f03ca254df57812f31f8536890c3a443",
    "https://deno.land/std@0.177.0/media_types/format_media_type.ts": "1e35e16562e5c417401ffc388a9f8f421f97f0ee06259cbe990c51bae4e6c7a8",
    "https://deno.land/std@0.177.0/media_types/get_charset.ts": "8be15a1fd31a545736b91ace56d0e4c66ea0d7b3fdc5c90760e8202e7b4b1fad",
    "https://deno.land/std@0.177.0/media_types/mod.ts": "d3f0b99f85053bc0b98ecc24eaa3546dfa09b856dc0bbaf60d8956d2cdd710c8",
    "https://deno.land/std@0.177.0/media_types/parse_media_type.ts": "bed260d868ea271445ae41d748e7afed9b5a7f407d2777ead08cecf73e9278de",
    "https://deno.land/std@0.177.0/media_types/type_by_extension.ts": "6076a7fc63181d70f92ec582fdea2c927eb2cfc7f9c9bee9d6add2aca86f2355",
    "https://deno.land/std@0.177.0/media_types/vendor/mime-db.v1.52.0.ts": "6925bbcae81ca37241e3f55908d0505724358cda3384eaea707773b2c7e99586",
    "https://deno.land/std@0.177.0/path/_constants.ts": "e49961f6f4f48039c0dfed3c3f93e963ca3d92791c9d478ac5b43183413136e0",
    "https://deno.land/std@0.177.0/path/_interface.ts": "6471159dfbbc357e03882c2266d21ef9afdb1e4aa771b0545e90db58a0ba314b",
    "https://deno.land/std@0.177.0/path/_util.ts": "d7abb1e0dea065f427b89156e28cdeb32b045870acdf865833ba808a73b576d0",
    "https://deno.land/std@0.177.0/path/common.ts": "ee7505ab01fd22de3963b64e46cff31f40de34f9f8de1fff6a1bd2fe79380000",
    "https://deno.land/std@0.177.0/path/glob.ts": "d479e0a695621c94d3fd7fe7abd4f9499caf32a8de13f25073451c6ef420a4e1",
    "https://deno.land/std@0.177.0/path/mod.ts": "4b83694ac500d7d31b0cdafc927080a53dc0c3027eb2895790fb155082b0d232",
    "https://deno.land/std@0.177.0/path/posix.ts": "8b7c67ac338714b30c816079303d0285dd24af6b284f7ad63da5b27372a2c94d",
    "https://deno.land/std@0.177.0/path/separator.ts": "0fb679739d0d1d7bf45b68dacfb4ec7563597a902edbaf3c59b50d5bcadd93b1",
    "https://deno.land/std@0.177.0/path/win32.ts": "d186344e5583bcbf8b18af416d13d82b35a317116e6460a5a3953508c3de5bba",
    "https://deno.land/std@0.177.0/streams/_common.ts": "f45cba84f0d813de3326466095539602364a9ba521f804cc758f7a475cda692d",
    "https://deno.land/std@0.177.0/streams/buffer.ts": "7e7676c29e0e72f6821c3b5fede2540886a216bb91c849bb5db20bb82a01d8a1",
    "https://deno.land/std@0.177.0/streams/byte_slice_stream.ts": "cf5785b0d9223ebb51fcf6679d881dfaf614c3b288fb4577b511b6f7801a01aa",
    "https://deno.land/std@0.177.0/streams/copy.ts": "de0de21701d8cceba84ca01d9731c77f4b3597bb9de6a1b08f32250353feeae8",
    "https://deno.land/std@0.177.0/streams/delimiter_stream.ts": "178916310e8bc54e2ca74fc5a708a24c27fae339738fb3407d793c46a8b624a2",
    "https://deno.land/std@0.177.0/streams/early_zip_readable_streams.ts": "64828085be5812ec5f4896c10b59f14e5a322b2c0439be9331dde332ae9c91de",
    "https://deno.land/std@0.177.0/streams/iterate_reader.ts": "06491ed8f1bb1c619abbfa04c10b173ff95a93e51fe5037b7c1ad0b5cc01fc7d",
    "https://deno.land/std@0.177.0/streams/limited_bytes_transform_stream.ts": "3bc04143b8b91a923f5ee81a3c618b6606ac7da66ccbcde62a67aaa0375cbc71",
    "https://deno.land/std@0.177.0/streams/limited_transform_stream.ts": "b336f5d649a06e35e2692849e3682a673bb32531738443eb2ce9f57538722f75",
    "https://deno.land/std@0.177.0/streams/merge_readable_streams.ts": "5d6302888f4bb0616dafb5768771be0aec9bedc05fbae6b3d726d05ffbec5b15",
    "https://deno.land/std@0.177.0/streams/mod.ts": "c07ec010e700b9ea887dc36ca08729828bc7912f711e4054e24d33fd46282252",
    "https://deno.land/std@0.177.0/streams/read_all.ts": "bfa220b0e1d06fa4d0cb5178baba8f8b466019a7411511982bfa2320ca292815",
    "https://deno.land/std@0.177.0/streams/readable_stream_from_iterable.ts": "cae337ddafd2abc5e3df699ef2af888ac04091f12732ae658448fba2c7b187e8",
    "https://deno.land/std@0.177.0/streams/readable_stream_from_reader.ts": "9aceaeefa9e04b08f56b2d07272baedc3b6432840b66198d72fa2ada3e6608ea",
    "https://deno.land/std@0.177.0/streams/reader_from_iterable.ts": "05f7759b9336fd4c233d9daadf92aec9a7d2c07a05986da466a935cec2dd79d9",
    "https://deno.land/std@0.177.0/streams/reader_from_stream_reader.ts": "3fda9390ec8520c8a9ea2aba2579208b18880a7663d7a9feec8f193b7af14e41",
    "https://deno.land/std@0.177.0/streams/text_delimiter_stream.ts": "ee216316360366c3744197f5665a066a25e6baa8cfe836fbe9a0033e079e089e",
    "https://deno.land/std@0.177.0/streams/text_line_stream.ts": "a9dd2636c6b90e626e19df26c97034c5f638bdd957cbd5c531d6278fe1d08e90",
    "https://deno.land/std@0.177.0/streams/to_transform_stream.ts": "31c8cce967a2f602be5f164973a5c6cedd4c76e1d2fbc22ae0081b084f73fb0e",
    "https://deno.land/std@0.177.0/streams/writable_stream_from_writer.ts": "0320b759aa343f9f4f58b014fe301d9a7abcbfb8413d260502a885995e6a0776",
    "https://deno.land/std@0.177.0/streams/write_all.ts": "3b2e1ce44913f966348ce353d02fa5369e94115181037cd8b602510853ec3033",
    "https://deno.land/std@0.177.0/streams/writer_from_stream_writer.ts": "31126a6bf2e678c5a718011d4831dbe75dbdbd885965d3dbd5dd105e6f20f976",
    "https://deno.land/std@0.177.0/streams/zip_readable_streams.ts": "9eb82070d83055fe6f077192fb204dc7612695a4b330148e9aa376df1a65e708",
    "https://deno.land/std@0.177.0/testing/_diff.ts": "1a3c044aedf77647d6cac86b798c6417603361b66b54c53331b312caeb447aea",
    "https://deno.land/std@0.177.0/testing/_format.ts": "a69126e8a469009adf4cf2a50af889aca364c349797e63174884a52ff75cf4c7",
    "https://deno.land/std@0.177.0/testing/_test_suite.ts": "30f018feeb3835f12ab198d8a518f9089b1bcb2e8c838a8b615ab10d5005465c",
    "https://deno.land/std@0.177.0/testing/_time.ts": "fecaf6fc7277d240d11b0de2e93b1c93ebbb4a3a61f0cb0b1741f66f69a4d22b",
    "https://deno.land/std@0.177.0/testing/asserts.ts": "984ab0bfb3faeed92ffaa3a6b06536c66811185328c5dd146257c702c41b01ab",
    "https://deno.land/std@0.177.0/testing/bdd.ts": "c5ca6d85940dbcc19b4d2bc3608d49ab65d81470aa91306d5efa4b0d5c945731",
    "https://deno.land/std@0.177.0/testing/mock.ts": "220ed9b8151cb2cac141043d4cfea7c47673fab5d18d1c1f0943297c8afb5d13",
    "https://deno.land/std@0.177.0/testing/time.ts": "82b92484207947610c717e43f125742d68941ff28f8fa7aea440fc29b667e2b7",
    "https://deno.land/std@0.177.0/types.d.ts": "220ed56662a0bd393ba5d124aa6ae2ad36a00d2fcbc0e8666a65f4606aaa9784",
    "https://deno.land/x/expecto@v0.1.0/deps/src/asserts.ts": "08fc56386d7e983503b3fd9bccd158fab9e6050252a69d52734aa40502ad4d22",
    "https://deno.land/x/expecto@v0.1.0/deps/src/mock.ts": "57a2abbce233232eeb7f6ff606486b12b3d3eff0e2daa998c24ae67f6052a66a",
    "https://deno.land/x/expecto@v0.1.0/mod/index.ts": "906fdfd6dd07195a36af8676452070c6a1da392ed66e41074903bb5fd71cdf66",
    "https://deno.land/x/expecto@v0.1.0/mod/mocked.ts": "7dcc606dcb1c1bc1e0cfc17497cdc4694feab800ecb3a98474d1465b6bd4d6e9",
    "https://deno.land/x/expecto@v0.1.0/src/assertions/_std.ts": "22db884e08c4b772119a6990efe5b329ab0fd5e7ddf7e2c5c69fc31df880b77f",
    "https://deno.land/x/expecto@v0.1.0/src/assertions/core.ts": "e916be6ffefad46508c1abf0d0b504f0d7f2ac423d3ccf438089ef6d38d3233c",
    "https://deno.land/x/expecto@v0.1.0/src/assertions/membership.ts": "14727da00ea3fe5f1523d1385c62fd24bfa1e3bedb701a235c38b368a937195e",
    "https://deno.land/x/expecto@v0.1.0/src/assertions/mocked.ts": "a151bbcd0d05b4965b776833e239dc45df2ee68005aa98189c4befdf0daf9621",
    "https://deno.land/x/expecto@v0.1.0/src/assertions/promised.ts": "b3e5890a355e5d530bd5d1ef5316657944b61c27cc71813023aa37b497ea01a2",
    "https://deno.land/x/expecto@v0.1.0/src/assertions/stringed.ts": "9fcd44e9fe577ea52651831702b340dbedd159680ce5464daf961b7d90f22433",
    "https://deno.land/x/expecto@v0.1.0/src/assertions/typing.ts": "39948cdd1371c31f20647330f034076e5c394ce246e62e502eb19dd4c3967dd8",
    "https://deno.land/x/expecto@v0.1.0/src/base.ts": "770e1c51b4b9a5148239632f8d7059223c5f99a269a22fd0893716366f359968",
    "https://deno.land/x/expecto@v0.1.0/src/flags.ts": "ab3373ff5bcd8f100fa671a39c722eeafe2c1ad0e2a7c3666c5c38565b458edb",
    "https://deno.land/x/expecto@v0.1.0/src/main.ts": "8fb78a67c6068cbc685708c78fdf15c2cc7810cacbe2067149c992628c8bfa49",
    "https://deno.land/x/expecto@v0.1.0/src/registry.ts": "20f3dbd470325a563ae2b2e4035d6e35f4baa3ad2e8e589229fe849289d337fd",
    "https://deno.land/x/expecto@v0.1.0/src/util/promising.ts": "205d0c9c5a10cf9e9a49abe37e8d9be69020202089e00cb6134c4428b5cc3cf9",
    "https://deno.land/x/expecto@v0.1.0/src/util/props.ts": "e2802f2170f9616ea7e97c5f58a57b5469a80d3598b808845236b642fc304639"
  }
}
