{
  "version": "5",
  "specifiers": {
    "jsr:@logtape/logtape@~0.6.3": "0.6.3",
    "jsr:@std/encoding@^1.0.5": "1.0.5",
    "jsr:@std/fs@^1.0.4": "1.0.4",
    "jsr:@std/media-types@1": "1.0.3",
    "jsr:@std/path@^1.0.6": "1.0.6",
    "jsr:@std/testing@~0.225.3": "0.225.3",
    "jsr:@wok/prometheus@^1.0.2": "1.0.2",
    "npm:@types/node@*": "22.5.4"
  },
  "jsr": {
    "@logtape/logtape@0.6.3": {
      "integrity": "64cac3459fddf0455b85d36c8ca3e21764d6b2965c426fb40a0e4a98be436d2b"
    },
    "@std/encoding@1.0.5": {
      "integrity": "ecf363d4fc25bd85bd915ff6733a7e79b67e0e7806334af15f4645c569fefc04"
    },
    "@std/fs@1.0.4": {
      "integrity": "2907d32d8d1d9e540588fd5fe0ec21ee638134bd51df327ad4e443aaef07123c",
      "dependencies": [
        "jsr:@std/path"
      ]
    },
    "@std/media-types@1.0.3": {
      "integrity": "b12d30a7852f7578f4d210622df713bbfd1cbdd9b4ec2eaf5c1845ab70bab159"
    },
    "@std/path@1.0.6": {
      "integrity": "ab2c55f902b380cf28e0eec501b4906e4c1960d13f00e11cfbcd21de15f18fed"
    },
    "@std/testing@0.225.3": {
      "integrity": "348c24d0479d44ab3dbb4f26170f242e19f24051b45935d4a9e7ca0ab7e37780"
    },
    "@wok/prometheus@1.0.2": {
      "integrity": "8b172f048b7e67a95e9bd77814267ee035bb0cdcc361675ffd697f9463675349"
    }
  },
  "npm": {
    "@types/node@22.5.4": {
      "integrity": "sha512-FDuKUJQm/ju9fT/SeX/6+gBzoPzlVCzfzmGkwKvRHQVxi4BntVbyIwf6a4Xn62mrvndLiml6z/UBXIdEVjQLXg==",
      "dependencies": [
        "undici-types"
      ],
      "tarball": "https://global.block-artifacts.com/artifactory/api/npm/square-npm/@types/node/-/node-22.5.4.tgz"
    },
    "undici-types@6.19.8": {
      "integrity": "sha512-ve2KP6f/JnbPBFyobGHuerC9g1FYGn/F8n1LWTwNxCEzd6IfqTwUQcNXgEtmmQ6DlRrC1hrSrBnCZPokRrDHjw==",
      "tarball": "https://global.block-artifacts.com/artifactory/api/npm/square-npm/undici-types/-/undici-types-6.19.8.tgz"
    }
  },
  "remote": {
    "https://deno.land/std@0.210.0/assert/_constants.ts": "8a9da298c26750b28b326b297316cdde860bc237533b07e1337c021379e6b2a9",
    "https://deno.land/std@0.210.0/assert/_diff.ts": "2c9371f17cf08cbb843c924bc31ca77af422ec4fe162f73d42c651d547573fa8",
    "https://deno.land/std@0.210.0/assert/_format.ts": "335ce8e15c65b679ad142dbc9e5e97e5d58602c39dd3c9175cef6c85fe22d6d5",
    "https://deno.land/std@0.210.0/assert/assert.ts": "e265ad50a9341f3b40e51dd4cb41ab253d976943ba78a977106950e52e0302ab",
    "https://deno.land/std@0.210.0/assert/assert_almost_equals.ts": "a70d637856e1c6128dc733346d32aa73c67058489495116ca85091c39a60c767",
    "https://deno.land/std@0.210.0/assert/assert_array_includes.ts": "59d005d8897c1fbcbd5792170833f13a867f6a5ecd5a6b34a3d86b4b430de63c",
    "https://deno.land/std@0.210.0/assert/assert_equals.ts": "991b0c2b437a015d623654f758e48bfd931068211a52e8131b397cdf005c595f",
    "https://deno.land/std@0.210.0/assert/assert_exists.ts": "f24ecb0d3febad358a6cee235f012551077e07692517ebfe0630a561ba40a703",
    "https://deno.land/std@0.210.0/assert/assert_false.ts": "99cf237fe374cabf57072d2fb41b3eaff389029f850fbb96f643c875792f10ce",
    "https://deno.land/std@0.210.0/assert/assert_greater.ts": "e0bba9ac76a780573a864ab6eeb8b9fd71435b750bdd36d56a270e22ab9a79d9",
    "https://deno.land/std@0.210.0/assert/assert_greater_or_equal.ts": "aea1c7dc868926ba55f1e59f8c3560bb44706b5e3b6b009453ee4064eecf6746",
    "https://deno.land/std@0.210.0/assert/assert_instance_of.ts": "7c093d36b1a86666d5a60a8c290c91a51a627153b821a5a4dc40b24cab69f1e7",
    "https://deno.land/std@0.210.0/assert/assert_is_error.ts": "a8a758581661edec514c453910bee2f9c91b1346a515c58404963b130d81cd80",
    "https://deno.land/std@0.210.0/assert/assert_less.ts": "855aa58e49afa6a9e825f1abcd5947dc789c5878fc1b6f48b8a08115d48da32b",
    "https://deno.land/std@0.210.0/assert/assert_less_or_equal.ts": "2ae5246bd0e83da26e5c8e2815d1493252f71f7dc02afb83dc2fc0e0fb0bd894",
    "https://deno.land/std@0.210.0/assert/assert_match.ts": "e541a9769cf5726312ff9e15031e2faa2df3c59fbdc5573c8758b1f4668ccc62",
    "https://deno.land/std@0.210.0/assert/assert_not_equals.ts": "6bce4b28f3316029c0aef107f8390796798835c382d31c1004160baef0b80db0",
    "https://deno.land/std@0.210.0/assert/assert_not_instance_of.ts": "866243fd28bc6665e2ffcc027a9df1d2a69cb644aef1e9b8d1ce34377c6b8a84",
    "https://deno.land/std@0.210.0/assert/assert_not_match.ts": "59707eceb0d2b16d6892fbf92ec86f92fd76fcfc55f8b61508299db7d2972cab",
    "https://deno.land/std@0.210.0/assert/assert_not_strict_equals.ts": "c84b8e229450e8dfc44b9910d602788313ff7333d67d5bd8528371567b6a3632",
    "https://deno.land/std@0.210.0/assert/assert_object_match.ts": "ebeff248d48e5810f787e8742ae4f6b39904f4640edc2f69796596ceb6dbcdf8",
    "https://deno.land/std@0.210.0/assert/assert_rejects.ts": "f7e83272d816e1b39710012a0597ed950db2de6b193adcc5e50ddbcd9e177767",
    "https://deno.land/std@0.210.0/assert/assert_strict_equals.ts": "4007dabef1c2e9d6f1bb0e948ba7ba99ec9b1bee97ba34d67f7c10e7e5d794f7",
    "https://deno.land/std@0.210.0/assert/assert_string_includes.ts": "108a30d9348e5ff7a8b0b7cc836cf0a8cff27d5b33e861b8c56b52cc60b8219a",
    "https://deno.land/std@0.210.0/assert/assert_throws.ts": "a8767e6a06e94bac42ca9eebdad5d4e2decbc0c48bc892da7e06aa1fe0b388ba",
    "https://deno.land/std@0.210.0/assert/assertion_error.ts": "26ed1863d905005f00785c89750c001c3522c5417e4f58f95044b8143cfc1593",
    "https://deno.land/std@0.210.0/assert/equal.ts": "6f81c8a3b12c08bdc3510c8a1293b4db1c083692219d7e3828d2234b448d3d3d",
    "https://deno.land/std@0.210.0/assert/fail.ts": "f56fc64f9a141f98c1be5ff1005ddf158db888b7b206510e955bb3fedc69021c",
    "https://deno.land/std@0.210.0/assert/mod.ts": "37c49a26aae2b254bbe25723434dc28cd7532e444cf0b481a97c045d110ec085",
    "https://deno.land/std@0.210.0/assert/unimplemented.ts": "4e3e504792c87c485dbc5f4020489d8806ef697741403af2008dfa7b5a4711e8",
    "https://deno.land/std@0.210.0/assert/unreachable.ts": "1af8c99421cc5fb7332454b2b9eca074a4e394895a180bc837750dedcca75338",
    "https://deno.land/std@0.210.0/async/delay.ts": "d414b6ff5b597a3b8a90b1b860b675062a106ad0e311816256f4696aa40ec1a1",
    "https://deno.land/std@0.210.0/data_structures/_binary_search_node.ts": "8d99dd95901d73a0edbe105826ef7ce0e1111ce184d2d0410dbfda172c9ebf35",
    "https://deno.land/std@0.210.0/data_structures/_red_black_node.ts": "040cdc47e2aee8c92ef3c0bb5526f25e2b6cbfef6ae86f159fe077e70722f0ca",
    "https://deno.land/std@0.210.0/data_structures/binary_search_tree.ts": "4e802f02125c45e17cd71ae1a2a9dedff8d3a31df0585a9d7ce1fbcf46960c20",
    "https://deno.land/std@0.210.0/data_structures/comparators.ts": "18f648e5d40f4dcfd0053cd4705534f3aa17005bee3acf4fc3224e7857e05f13",
    "https://deno.land/std@0.210.0/data_structures/red_black_tree.ts": "5cd84d7715159898a64fbbbf79026d2eac16f9eacd475656d22b7017148bfa33",
    "https://deno.land/std@0.210.0/fmt/colors.ts": "2685c524bef9b16b3059a417daf6860c754eb755e19e812762ef5dff62f24481",
    "https://deno.land/std@0.210.0/testing/_time.ts": "fecaf6fc7277d240d11b0de2e93b1c93ebbb4a3a61f0cb0b1741f66f69a4d22b",
    "https://deno.land/std@0.210.0/testing/asserts.ts": "605bbd2ef0695e2a4324d810c4ad22e56041d51afb9584fc0b4e81084b14b1d6",
    "https://deno.land/std@0.210.0/testing/mock.ts": "350211037129efa675592a3d7cdccbca3825000168ebebb3862a70b5af3b2f20",
    "https://deno.land/std@0.210.0/testing/time.ts": "4a0fac2af7f7a1dedbc47e1c6e58df09fc1b7fd584cf8481ec9a32995e75ada1",
    "https://deno.land/x/expecto@v0.1.4/deps/src/asserts.ts": "70f36748cebe44b4762657bd6650983ad84349511d56dcf951102ee9885fc7df",
    "https://deno.land/x/expecto@v0.1.4/deps/src/mock.ts": "f440d870c54aa8495527b1f16801b96298cca740593a238df4caa5b566e3fed5",
    "https://deno.land/x/expecto@v0.1.4/mod/index.ts": "906fdfd6dd07195a36af8676452070c6a1da392ed66e41074903bb5fd71cdf66",
    "https://deno.land/x/expecto@v0.1.4/mod/mocked.ts": "7dcc606dcb1c1bc1e0cfc17497cdc4694feab800ecb3a98474d1465b6bd4d6e9",
    "https://deno.land/x/expecto@v0.1.4/src/assertions/_std.ts": "22db884e08c4b772119a6990efe5b329ab0fd5e7ddf7e2c5c69fc31df880b77f",
    "https://deno.land/x/expecto@v0.1.4/src/assertions/core.ts": "e916be6ffefad46508c1abf0d0b504f0d7f2ac423d3ccf438089ef6d38d3233c",
    "https://deno.land/x/expecto@v0.1.4/src/assertions/membership.ts": "15616b88424e27452ec751be57ab4383b44b5705c5b1a4d521d1bdaa0c21b021",
    "https://deno.land/x/expecto@v0.1.4/src/assertions/mocked.ts": "a151bbcd0d05b4965b776833e239dc45df2ee68005aa98189c4befdf0daf9621",
    "https://deno.land/x/expecto@v0.1.4/src/assertions/promised.ts": "b3e5890a355e5d530bd5d1ef5316657944b61c27cc71813023aa37b497ea01a2",
    "https://deno.land/x/expecto@v0.1.4/src/assertions/stringed.ts": "9fcd44e9fe577ea52651831702b340dbedd159680ce5464daf961b7d90f22433",
    "https://deno.land/x/expecto@v0.1.4/src/assertions/typing.ts": "39948cdd1371c31f20647330f034076e5c394ce246e62e502eb19dd4c3967dd8",
    "https://deno.land/x/expecto@v0.1.4/src/base.ts": "770e1c51b4b9a5148239632f8d7059223c5f99a269a22fd0893716366f359968",
    "https://deno.land/x/expecto@v0.1.4/src/flags.ts": "ab3373ff5bcd8f100fa671a39c722eeafe2c1ad0e2a7c3666c5c38565b458edb",
    "https://deno.land/x/expecto@v0.1.4/src/main.ts": "8fb78a67c6068cbc685708c78fdf15c2cc7810cacbe2067149c992628c8bfa49",
    "https://deno.land/x/expecto@v0.1.4/src/registry.ts": "8a8f49e0f1e53d5da90396058f4bf441914981af3e4da03d02eb6eb6d95d17bb",
    "https://deno.land/x/expecto@v0.1.4/src/util/promising.ts": "205d0c9c5a10cf9e9a49abe37e8d9be69020202089e00cb6134c4428b5cc3cf9",
    "https://deno.land/x/expecto@v0.1.4/src/util/props.ts": "e2802f2170f9616ea7e97c5f58a57b5469a80d3598b808845236b642fc304639"
  },
  "workspace": {
    "dependencies": [
      "jsr:@logtape/logtape@~0.6.3",
      "jsr:@std/encoding@^1.0.5",
      "jsr:@std/fs@^1.0.4",
      "jsr:@std/media-types@1",
      "jsr:@std/path@^1.0.6",
      "jsr:@wok/prometheus@^1.0.2"
    ]
  }
}
