{
  "version": "3",
  "packages": {
    "specifiers": {
      "jsr:@std/assert@^0.226.0": "jsr:@std/assert@0.226.0",
      "jsr:@std/encoding@^0.224.3": "jsr:@std/encoding@0.224.3",
      "jsr:@std/fmt@^0.225.4": "jsr:@std/fmt@0.225.4",
      "jsr:@std/fs": "jsr:@std/fs@0.229.3",
      "jsr:@std/fs@^0.229.3": "jsr:@std/fs@0.229.3",
      "jsr:@std/fs@^1.0.0-rc.1": "jsr:@std/fs@1.0.0-rc.2",
      "jsr:@std/io@^0.224.2": "jsr:@std/io@0.224.2",
      "jsr:@std/log@^0.224.3": "jsr:@std/log@0.224.3",
      "jsr:@std/media-types": "jsr:@std/media-types@1.0.0",
      "jsr:@std/media-types@^1.0.0": "jsr:@std/media-types@1.0.0",
      "jsr:@std/path@1.0.0-rc.1": "jsr:@std/path@1.0.0-rc.1",
      "jsr:@std/path@^0.225.2": "jsr:@std/path@0.225.2",
      "jsr:@std/testing@^0.225.3": "jsr:@std/testing@0.225.3",
      "npm:chai-as-promised@^8.0.0": "npm:chai-as-promised@8.0.0_chai@5.1.1",
      "npm:chai@^5.1.1": "npm:chai@5.1.1",
      "npm:sinon-chai-es@^3.7.0": "npm:sinon-chai-es@3.7.0_chai@4.4.1_sinon@18.0.0",
      "npm:sinon@^18.0.0": "npm:sinon@18.0.0"
    },
    "jsr": {
      "@std/assert@0.226.0": {
        "integrity": "0dfb5f7c7723c18cec118e080fec76ce15b4c31154b15ad2bd74822603ef75b3"
      },
      "@std/encoding@0.224.3": {
        "integrity": "5e861b6d81be5359fad4155e591acf17c0207b595112d1840998bb9f476dbdaf"
      },
      "@std/fmt@0.225.4": {
        "integrity": "584c681cf422b70e28959b57e59012823609c087384cbf12d05f67814797fda3"
      },
      "@std/fs@0.229.3": {
        "integrity": "783bca21f24da92e04c3893c9e79653227ab016c48e96b3078377ebd5222e6eb",
        "dependencies": [
          "jsr:@std/path@1.0.0-rc.1"
        ]
      },
      "@std/fs@1.0.0-rc.2": {
        "integrity": "05a1f29473f0490a7324d218209d41a7ddea33603beabd1a3c5b11c12b812dbf"
      },
      "@std/io@0.224.2": {
        "integrity": "25ecd4f674527d660ab09e571e15eb541e8eb8a4575f2d20bdbf029374a609b5"
      },
      "@std/log@0.224.3": {
        "integrity": "601af539ff0c80d117fcb6cab7d9339242872d7f7f5fe4862aaf32152d86b9bf",
        "dependencies": [
          "jsr:@std/fmt@^0.225.4",
          "jsr:@std/fs@^1.0.0-rc.1",
          "jsr:@std/io@^0.224.2"
        ]
      },
      "@std/media-types@1.0.0": {
        "integrity": "58ff81ce1f7af8c46304a52482db804c42936492daad19c0bd5d887832737d2b"
      },
      "@std/path@0.225.2": {
        "integrity": "0f2db41d36b50ef048dcb0399aac720a5348638dd3cb5bf80685bf2a745aa506",
        "dependencies": [
          "jsr:@std/assert@^0.226.0"
        ]
      },
      "@std/path@1.0.0-rc.1": {
        "integrity": "b8c00ae2f19106a6bb7cbf1ab9be52aa70de1605daeb2dbdc4f87a7cbaf10ff6"
      },
      "@std/testing@0.225.3": {
        "integrity": "348c24d0479d44ab3dbb4f26170f242e19f24051b45935d4a9e7ca0ab7e37780"
      }
    },
    "npm": {
      "@sinonjs/commons@2.0.0": {
        "integrity": "sha512-uLa0j859mMrg2slwQYdO/AkrOfmH+X6LTVmNTS9CqexuE2IvVORIkSpJLqePAbEnKJ77aMmCwr1NUZ57120Xcg==",
        "dependencies": {
          "type-detect": "type-detect@4.0.8"
        }
      },
      "@sinonjs/commons@3.0.1": {
        "integrity": "sha512-K3mCHKQ9sVh8o1C9cxkwxaOmXoAMlDxC1mYyHrjqOWEcBjYr76t96zL2zlj5dUGZ3HSw240X1qgH3Mjf1yJWpQ==",
        "dependencies": {
          "type-detect": "type-detect@4.0.8"
        }
      },
      "@sinonjs/fake-timers@11.2.2": {
        "integrity": "sha512-G2piCSxQ7oWOxwGSAyFHfPIsyeJGXYtc6mFbnFA+kRXkiEnTl8c/8jul2S329iFBnDI9HGoeWWAZvuvOkZccgw==",
        "dependencies": {
          "@sinonjs/commons": "@sinonjs/commons@3.0.1"
        }
      },
      "@sinonjs/samsam@8.0.0": {
        "integrity": "sha512-Bp8KUVlLp8ibJZrnvq2foVhP0IVX2CIprMJPK0vqGqgrDa0OHVKeZyBykqskkrdxV6yKBPmGasO8LVjAKR3Gew==",
        "dependencies": {
          "@sinonjs/commons": "@sinonjs/commons@2.0.0",
          "lodash.get": "lodash.get@4.4.2",
          "type-detect": "type-detect@4.0.8"
        }
      },
      "@sinonjs/text-encoding@0.7.2": {
        "integrity": "sha512-sXXKG+uL9IrKqViTtao2Ws6dy0znu9sOaP1di/jKGW1M6VssO8vlpXCQcpZ+jisQ1tTFAC5Jo/EOzFbggBagFQ==",
        "dependencies": {}
      },
      "assertion-error@1.1.0": {
        "integrity": "sha512-jgsaNduz+ndvGyFt3uSuWqvy4lCnIJiovtouQN5JZHOKCS2QuhEdbcQHFhVksz2N2U9hXJo8odG7ETyWlEeuDw==",
        "dependencies": {}
      },
      "assertion-error@2.0.1": {
        "integrity": "sha512-Izi8RQcffqCeNVgFigKli1ssklIbpHnCYc6AknXGYoB6grJqyeby7jv12JUQgmTAnIDnbck1uxksT4dzN3PWBA==",
        "dependencies": {}
      },
      "chai-as-promised@8.0.0_chai@5.1.1": {
        "integrity": "sha512-sMsGXTrS3FunP/wbqh/KxM8Kj/aLPXQGkNtvE5wPfSToq8wkkvBpTZo1LIiEVmC4BwkKpag+l5h/20lBMk6nUg==",
        "dependencies": {
          "chai": "chai@5.1.1",
          "check-error": "check-error@2.1.1"
        }
      },
      "chai@4.4.1": {
        "integrity": "sha512-13sOfMv2+DWduEU+/xbun3LScLoqN17nBeTLUsmDfKdoiC1fr0n9PU4guu4AhRcOVFk/sW8LyZWHuhWtQZiF+g==",
        "dependencies": {
          "assertion-error": "assertion-error@1.1.0",
          "check-error": "check-error@1.0.3",
          "deep-eql": "deep-eql@4.1.4",
          "get-func-name": "get-func-name@2.0.2",
          "loupe": "loupe@2.3.7",
          "pathval": "pathval@1.1.1",
          "type-detect": "type-detect@4.0.8"
        }
      },
      "chai@5.1.1": {
        "integrity": "sha512-pT1ZgP8rPNqUgieVaEY+ryQr6Q4HXNg8Ei9UnLUrjN4IA7dvQC5JB+/kxVcPNDHyBcc/26CXPkbNzq3qwrOEKA==",
        "dependencies": {
          "assertion-error": "assertion-error@2.0.1",
          "check-error": "check-error@2.1.1",
          "deep-eql": "deep-eql@5.0.2",
          "loupe": "loupe@3.1.1",
          "pathval": "pathval@2.0.0"
        }
      },
      "check-error@1.0.3": {
        "integrity": "sha512-iKEoDYaRmd1mxM90a2OEfWhjsjPpYPuQ+lMYsoxB126+t8fw7ySEO48nmDg5COTjxDI65/Y2OWpeEHk3ZOe8zg==",
        "dependencies": {
          "get-func-name": "get-func-name@2.0.2"
        }
      },
      "check-error@2.1.1": {
        "integrity": "sha512-OAlb+T7V4Op9OwdkjmguYRqncdlx5JiofwOAUkmTF+jNdHwzTaTs4sRAGpzLF3oOz5xAyDGrPgeIDFQmDOTiJw==",
        "dependencies": {}
      },
      "deep-eql@4.1.4": {
        "integrity": "sha512-SUwdGfqdKOwxCPeVYjwSyRpJ7Z+fhpwIAtmCUdZIWZ/YP5R9WAsyuSgpLVDi9bjWoN2LXHNss/dk3urXtdQxGg==",
        "dependencies": {
          "type-detect": "type-detect@4.0.8"
        }
      },
      "deep-eql@5.0.2": {
        "integrity": "sha512-h5k/5U50IJJFpzfL6nO9jaaumfjO/f2NjK/oYB2Djzm4p9L+3T9qWpZqZ2hAbLPuuYq9wrU08WQyBTL5GbPk5Q==",
        "dependencies": {}
      },
      "diff@5.2.0": {
        "integrity": "sha512-uIFDxqpRZGZ6ThOk84hEfqWoHx2devRFvpTZcTHur85vImfaxUbTW9Ryh4CpCuDnToOP1CEtXKIgytHBPVff5A==",
        "dependencies": {}
      },
      "get-func-name@2.0.2": {
        "integrity": "sha512-8vXOvuE167CtIc3OyItco7N/dpRtBbYOsPsXCz7X/PMnlGjYjSGuZJgM1Y7mmew7BKf9BqvLX2tnOVy1BBUsxQ==",
        "dependencies": {}
      },
      "has-flag@4.0.0": {
        "integrity": "sha512-EykJT/Q1KjTWctppgIAgfSO0tKVuZUjhgMr17kqTumMl6Afv3EISleU7qZUzoXDFTAHTDC4NOoG/ZxU3EvlMPQ==",
        "dependencies": {}
      },
      "just-extend@6.2.0": {
        "integrity": "sha512-cYofQu2Xpom82S6qD778jBDpwvvy39s1l/hrYij2u9AMdQcGRpaBu6kY4mVhuno5kJVi1DAz4aiphA2WI1/OAw==",
        "dependencies": {}
      },
      "lodash.get@4.4.2": {
        "integrity": "sha512-z+Uw/vLuy6gQe8cfaFWD7p0wVv8fJl3mbzXh33RS+0oW2wvUqiRXiQ69gLWSLpgB5/6sU+r6BlQR0MBILadqTQ==",
        "dependencies": {}
      },
      "loupe@2.3.7": {
        "integrity": "sha512-zSMINGVYkdpYSOBmLi0D1Uo7JU9nVdQKrHxC8eYlV+9YKK9WePqAlL7lSlorG/U2Fw1w0hTBmaa/jrQ3UbPHtA==",
        "dependencies": {
          "get-func-name": "get-func-name@2.0.2"
        }
      },
      "loupe@3.1.1": {
        "integrity": "sha512-edNu/8D5MKVfGVFRhFf8aAxiTM6Wumfz5XsaatSxlD3w4R1d/WEKUTydCdPGbl9K7QG/Ca3GnDV2sIKIpXRQcw==",
        "dependencies": {
          "get-func-name": "get-func-name@2.0.2"
        }
      },
      "nise@6.0.0": {
        "integrity": "sha512-K8ePqo9BFvN31HXwEtTNGzgrPpmvgciDsFz8aztFjt4LqKO/JeFD8tBOeuDiCMXrIl/m1YvfH8auSpxfaD09wg==",
        "dependencies": {
          "@sinonjs/commons": "@sinonjs/commons@3.0.1",
          "@sinonjs/fake-timers": "@sinonjs/fake-timers@11.2.2",
          "@sinonjs/text-encoding": "@sinonjs/text-encoding@0.7.2",
          "just-extend": "just-extend@6.2.0",
          "path-to-regexp": "path-to-regexp@6.2.2"
        }
      },
      "path-to-regexp@6.2.2": {
        "integrity": "sha512-GQX3SSMokngb36+whdpRXE+3f9V8UzyAorlYvOGx87ufGHehNTn5lCxrKtLyZ4Yl/wEKnNnr98ZzOwwDZV5ogw==",
        "dependencies": {}
      },
      "pathval@1.1.1": {
        "integrity": "sha512-Dp6zGqpTdETdR63lehJYPeIOqpiNBNtc7BpWSLrOje7UaIsE5aY92r/AunQA7rsXvet3lrJ3JnZX29UPTKXyKQ==",
        "dependencies": {}
      },
      "pathval@2.0.0": {
        "integrity": "sha512-vE7JKRyES09KiunauX7nd2Q9/L7lhok4smP9RZTDeD4MVs72Dp2qNFVz39Nz5a0FVEW0BJR6C0DYrq6unoziZA==",
        "dependencies": {}
      },
      "sinon-chai-es@3.7.0_chai@4.4.1_sinon@18.0.0": {
        "integrity": "sha512-qusxvQ0WK+RsymJqML+01Lj5xXgfvoocEFsT5l0Wf5OE9vxhmasn9vAZuEKnSvA5k2lJxjt3xgAQdLmVEV84Aw==",
        "dependencies": {
          "chai": "chai@4.4.1",
          "sinon": "sinon@18.0.0"
        }
      },
      "sinon@18.0.0": {
        "integrity": "sha512-+dXDXzD1sBO6HlmZDd7mXZCR/y5ECiEiGCBSGuFD/kZ0bDTofPYc6JaeGmPSF+1j1MejGUWkORbYOLDyvqCWpA==",
        "dependencies": {
          "@sinonjs/commons": "@sinonjs/commons@3.0.1",
          "@sinonjs/fake-timers": "@sinonjs/fake-timers@11.2.2",
          "@sinonjs/samsam": "@sinonjs/samsam@8.0.0",
          "diff": "diff@5.2.0",
          "nise": "nise@6.0.0",
          "supports-color": "supports-color@7.2.0"
        }
      },
      "supports-color@7.2.0": {
        "integrity": "sha512-qpCAvRl9stuOHveKsn7HncJRvv501qIacKzQlO/+Lwxc9+0q2wLyv4Dfvt80/DPn2pqOBsJdDiogXGR9+OvwRw==",
        "dependencies": {
          "has-flag": "has-flag@4.0.0"
        }
      },
      "type-detect@4.0.8": {
        "integrity": "sha512-0fr/mIH1dlO+x7TlcMy+bIDqKPsw/70tVyeHW787goQjhmqaZe10uwLujubK9q9Lg6Fiho1KUKDYz0Z7k7g5/g==",
        "dependencies": {}
      }
    }
  },
  "remote": {},
  "workspace": {
    "dependencies": [
      "jsr:@std/encoding@^0.224.3",
      "jsr:@std/fs@^0.229.3",
      "jsr:@std/log@^0.224.3",
      "jsr:@std/media-types@^1.0.0",
      "jsr:@std/path@^0.225.2",
      "jsr:@std/testing@^0.225.3",
      "npm:chai-as-promised@^8.0.0",
      "npm:chai@^5.1.1",
      "npm:sinon-chai-es@^3.7.0",
      "npm:sinon@^18.0.0"
    ]
  }
}
